
Microsoft Visual Studio Solution File, Format Version 12.00
# Visual Studio Version 16
VisualStudioVersion = 16.0.30804.86
MinimumVisualStudioVersion = 10.0.40219.1
Project("{9A19103F-16F7-4668-BE54-9A1E7A4F7556}") = "VendingMachineLibrary", "VendingMachineLibrary\VendingMachineLibrary.csproj", "{E9BE3244-DAFB-43E1-9543-65B3B02A113F}"
EndProject
Project("{9A19103F-16F7-4668-BE54-9A1E7A4F7556}") = "VendingMachineConsole", "VendingMachineConsole\VendingMachineConsole.csproj", "{12EAE003-014C-41D1-AD67-EA754D4F5B9D}"
EndProject
Project("{9A19103F-16F7-4668-BE54-9A1E7A4F7556}") = "VendingMachineTests", "VendingMachineTests\VendingMachineTests.csproj", "{0E3F56EA-1D8E-45BA-993B-5BC33C64E71F}"
EndProject
Global
	GlobalSection(SolutionConfigurationPlatforms) = preSolution
		Debug|Any CPU = Debug|Any CPU
		Release|Any CPU = Release|Any CPU
	EndGlobalSection
	GlobalSection(ProjectConfigurationPlatforms) = postSolution
		{E9BE3244-DAFB-43E1-9543-65B3B02A113F}.Debug|Any CPU.ActiveCfg = Debug|Any CPU
		{E9BE3244-DAFB-43E1-9543-65B3B02A113F}.Debug|Any CPU.Build.0 = Debug|Any CPU
		{E9BE3244-DAFB-43E1-9543-65B3B02A113F}.Release|Any CPU.ActiveCfg = Release|Any CPU
		{E9BE3244-DAFB-43E1-9543-65B3B02A113F}.Release|Any CPU.Build.0 = Release|Any CPU
		{12EAE003-014C-41D1-AD67-EA754D4F5B9D}.Debug|Any CPU.ActiveCfg = Debug|Any CPU
		{12EAE003-014C-41D1-AD67-EA754D4F5B9D}.Debug|Any CPU.Build.0 = Debug|Any CPU
		{12EAE003-014C-41D1-AD67-EA754D4F5B9D}.Release|Any CPU.ActiveCfg = Release|Any CPU
		{12EAE003-014C-41D1-AD67-EA754D4F5B9D}.Release|Any CPU.Build.0 = Release|Any CPU
		{0E3F56EA-1D8E-45BA-993B-5BC33C64E71F}.Debug|Any CPU.ActiveCfg = Debug|Any CPU
		{0E3F56EA-1D8E-45BA-993B-5BC33C64E71F}.Debug|Any CPU.Build.0 = Debug|Any CPU
		{0E3F56EA-1D8E-45BA-993B-5BC33C64E71F}.Release|Any CPU.ActiveCfg = Release|Any CPU
		{0E3F56EA-1D8E-45BA-993B-5BC33C64E71F}.Release|Any CPU.Build.0 = Release|Any CPU
	EndGlobalSection
	GlobalSection(SolutionProperties) = preSolution
		HideSolutionNode = FALSE
	EndGlobalSection
	GlobalSection(ExtensibilityGlobals) = postSolution
		SolutionGuid = {6E7EC079-05FA-4780-99C6-3F8F98658BD1}
	EndGlobalSection
EndGlobal
